Microsoft Visual Studio Solution File, Format Version 11.00
# Visual Studio 2008

Project("{A28CE2AE-A36F-FDCE-44B6-5A2A69E98A62}") = "Paint3D", "Assembly-CSharp-firstpass.csproj", "{0A9F022C-4360-A6A7-F711-B273772D3AAD}"
EndProject
Project("{A28CE2AE-A36F-FDCE-44B6-5A2A69E98A62}") = "Paint3D", "Assembly-CSharp.csproj", "{298F9FC4-3244-A061-DB37-38D0D650AA7B}"
EndProject
Project("{A28CE2AE-A36F-FDCE-44B6-5A2A69E98A62}") = "Paint3D", "Assembly-CSharp-Editor.csproj", "{4826D00A-0A51-C473-FA1F-BB5C92A9E888}"
EndProject
Global
	GlobalSection(SolutionConfigurationPlatforms) = preSolution
		Debug|Any CPU = Debug|Any CPU
		Release|Any CPU = Release|Any CPU
	EndGlobalSection
	GlobalSection(ProjectConfigurationPlatforms) = postSolution
		{0A9F022C-4360-A6A7-F711-B273772D3AAD}.Debug|Any CPU.ActiveCfg = Debug|Any CPU
		{0A9F022C-4360-A6A7-F711-B273772D3AAD}.Debug|Any CPU.Build.0 = Debug|Any CPU
		{0A9F022C-4360-A6A7-F711-B273772D3AAD}.Release|Any CPU.ActiveCfg = Release|Any CPU
		{0A9F022C-4360-A6A7-F711-B273772D3AAD}.Release|Any CPU.Build.0 = Release|Any CPU
		{298F9FC4-3244-A061-DB37-38D0D650AA7B}.Debug|Any CPU.ActiveCfg = Debug|Any CPU
		{298F9FC4-3244-A061-DB37-38D0D650AA7B}.Debug|Any CPU.Build.0 = Debug|Any CPU
		{298F9FC4-3244-A061-DB37-38D0D650AA7B}.Release|Any CPU.ActiveCfg = Release|Any CPU
		{298F9FC4-3244-A061-DB37-38D0D650AA7B}.Release|Any CPU.Build.0 = Release|Any CPU
		{4826D00A-0A51-C473-FA1F-BB5C92A9E888}.Debug|Any CPU.ActiveCfg = Debug|Any CPU
		{4826D00A-0A51-C473-FA1F-BB5C92A9E888}.Debug|Any CPU.Build.0 = Debug|Any CPU
		{4826D00A-0A51-C473-FA1F-BB5C92A9E888}.Release|Any CPU.ActiveCfg = Release|Any CPU
		{4826D00A-0A51-C473-FA1F-BB5C92A9E888}.Release|Any CPU.Build.0 = Release|Any CPU
	EndGlobalSection
	GlobalSection(SolutionProperties) = preSolution
		HideSolutionNode = FALSE
	EndGlobalSection
	GlobalSection(MonoDevelopProperties) = preSolution
		StartupItem = Assembly-CSharp.csproj
	EndGlobalSection
EndGlobal
